
Microsoft Visual Studio Solution File, Format Version 12.00
# Visual Studio Version 17
VisualStudioVersion = 17.7.34031.279
MinimumVisualStudioVersion = 10.0.40219.1
Project("{FAE04EC0-301F-11D3-BF4B-00C04F79EFBC}") = "habTinder", "habTinder\habTinder.csproj", "{B9D9F484-E4F9-4977-8056-3344C0FF624B}"
EndProject
Global
	GlobalSection(SolutionConfigurationPlatforms) = preSolution
		Debug|Any CPU = Debug|Any CPU
		Release|Any CPU = Release|Any CPU
	EndGlobalSection
	GlobalSection(ProjectConfigurationPlatforms) = postSolution
		{B9D9F484-E4F9-4977-8056-3344C0FF624B}.Debug|Any CPU.ActiveCfg = Debug|Any CPU
		{B9D9F484-E4F9-4977-8056-3344C0FF624B}.Debug|Any CPU.Build.0 = Debug|Any CPU
		{B9D9F484-E4F9-4977-8056-3344C0FF624B}.Debug|Any CPU.Deploy.0 = Debug|Any CPU
		{B9D9F484-E4F9-4977-8056-3344C0FF624B}.Release|Any CPU.ActiveCfg = Release|Any CPU
		{B9D9F484-E4F9-4977-8056-3344C0FF624B}.Release|Any CPU.Build.0 = Release|Any CPU
		{B9D9F484-E4F9-4977-8056-3344C0FF624B}.Release|Any CPU.Deploy.0 = Release|Any CPU
	EndGlobalSection
	GlobalSection(SolutionProperties) = preSolution
		HideSolutionNode = FALSE
	EndGlobalSection
	GlobalSection(ExtensibilityGlobals) = postSolution
		SolutionGuid = {49E6DA30-25F6-4A5E-A57E-E8F133D59BCE}
	EndGlobalSection
EndGlobal
